
Microsoft Visual Studio Solution File, Format Version 12.00
# Visual Studio Version 16
VisualStudioVersion = 16.0.30611.23
MinimumVisualStudioVersion = 10.0.40219.1
Project("{9A19103F-16F7-4668-BE54-9A1E7A4F7556}") = "eShopWebApp", "eShopWebApp\eShopWebApp.csproj", "{81C09245-71E9-4893-A4FE-F379A04D4C38}"
EndProject
Project("{2150E333-8FDC-42A3-9474-1A3956D46DE8}") = "Solution Items", "Solution Items", "{8E059819-22BE-4BFD-B1C5-0CF24D695F26}"
	ProjectSection(SolutionItems) = preProject
		README.md = README.md
	EndProjectSection
EndProject
Project("{FAE04EC0-301F-11D3-BF4B-00C04F79EFBC}") = "eShopSolution.Data", "eShopSolution.Data\eShopSolution.Data.csproj", "{8D622ED7-4A0F-4E42-B706-65731F6FC306}"
EndProject
Project("{FAE04EC0-301F-11D3-BF4B-00C04F79EFBC}") = "eShopSolution.Application", "eShopSolution.Application\eShopSolution.Application.csproj", "{5FC65280-CD6D-429B-918E-ECA9809D6AE5}"
EndProject
Global
	GlobalSection(SolutionConfigurationPlatforms) = preSolution
		Debug|Any CPU = Debug|Any CPU
		Release|Any CPU = Release|Any CPU
	EndGlobalSection
	GlobalSection(ProjectConfigurationPlatforms) = postSolution
		{81C09245-71E9-4893-A4FE-F379A04D4C38}.Debug|Any CPU.ActiveCfg = Debug|Any CPU
		{81C09245-71E9-4893-A4FE-F379A04D4C38}.Debug|Any CPU.Build.0 = Debug|Any CPU
		{81C09245-71E9-4893-A4FE-F379A04D4C38}.Release|Any CPU.ActiveCfg = Release|Any CPU
		{81C09245-71E9-4893-A4FE-F379A04D4C38}.Release|Any CPU.Build.0 = Release|Any CPU
		{8D622ED7-4A0F-4E42-B706-65731F6FC306}.Debug|Any CPU.ActiveCfg = Debug|Any CPU
		{8D622ED7-4A0F-4E42-B706-65731F6FC306}.Debug|Any CPU.Build.0 = Debug|Any CPU
		{8D622ED7-4A0F-4E42-B706-65731F6FC306}.Release|Any CPU.ActiveCfg = Release|Any CPU
		{8D622ED7-4A0F-4E42-B706-65731F6FC306}.Release|Any CPU.Build.0 = Release|Any CPU
		{5FC65280-CD6D-429B-918E-ECA9809D6AE5}.Debug|Any CPU.ActiveCfg = Debug|Any CPU
		{5FC65280-CD6D-429B-918E-ECA9809D6AE5}.Debug|Any CPU.Build.0 = Debug|Any CPU
		{5FC65280-CD6D-429B-918E-ECA9809D6AE5}.Release|Any CPU.ActiveCfg = Release|Any CPU
		{5FC65280-CD6D-429B-918E-ECA9809D6AE5}.Release|Any CPU.Build.0 = Release|Any CPU
	EndGlobalSection
	GlobalSection(SolutionProperties) = preSolution
		HideSolutionNode = FALSE
	EndGlobalSection
	GlobalSection(ExtensibilityGlobals) = postSolution
		SolutionGuid = {C830EE56-4DFD-470A-BE6C-7A19192BF222}
	EndGlobalSection
EndGlobal
